
Microsoft Visual Studio Solution File, Format Version 12.00
# Visual Studio Version 17
VisualStudioVersion = 17.11.35312.102
MinimumVisualStudioVersion = 10.0.40219.1
Project("{FAE04EC0-301F-11D3-BF4B-00C04F79EFBC}") = "Presentation", "GabrielYoungEPSolution\Presentation.csproj", "{0D2A9C24-0CF6-44F0-9DBB-13CD7D496755}"
EndProject
Project("{FAE04EC0-301F-11D3-BF4B-00C04F79EFBC}") = "Domain", "Domain\Domain.csproj", "{42FCC831-BA47-49DE-BAEE-B4F6AF95DECE}"
EndProject
Project("{FAE04EC0-301F-11D3-BF4B-00C04F79EFBC}") = "DataAccess", "DataAccess\DataAccess.csproj", "{28F4708D-5E1E-4D83-B522-81ACE9D3A13E}"
EndProject
Global
	GlobalSection(SolutionConfigurationPlatforms) = preSolution
		Debug|Any CPU = Debug|Any CPU
		Release|Any CPU = Release|Any CPU
	EndGlobalSection
	GlobalSection(ProjectConfigurationPlatforms) = postSolution
		{0D2A9C24-0CF6-44F0-9DBB-13CD7D496755}.Debug|Any CPU.ActiveCfg = Debug|Any CPU
		{0D2A9C24-0CF6-44F0-9DBB-13CD7D496755}.Debug|Any CPU.Build.0 = Debug|Any CPU
		{0D2A9C24-0CF6-44F0-9DBB-13CD7D496755}.Release|Any CPU.ActiveCfg = Release|Any CPU
		{0D2A9C24-0CF6-44F0-9DBB-13CD7D496755}.Release|Any CPU.Build.0 = Release|Any CPU
		{42FCC831-BA47-49DE-BAEE-B4F6AF95DECE}.Debug|Any CPU.ActiveCfg = Debug|Any CPU
		{42FCC831-BA47-49DE-BAEE-B4F6AF95DECE}.Debug|Any CPU.Build.0 = Debug|Any CPU
		{42FCC831-BA47-49DE-BAEE-B4F6AF95DECE}.Release|Any CPU.ActiveCfg = Release|Any CPU
		{42FCC831-BA47-49DE-BAEE-B4F6AF95DECE}.Release|Any CPU.Build.0 = Release|Any CPU
		{28F4708D-5E1E-4D83-B522-81ACE9D3A13E}.Debug|Any CPU.ActiveCfg = Debug|Any CPU
		{28F4708D-5E1E-4D83-B522-81ACE9D3A13E}.Debug|Any CPU.Build.0 = Debug|Any CPU
		{28F4708D-5E1E-4D83-B522-81ACE9D3A13E}.Release|Any CPU.ActiveCfg = Release|Any CPU
		{28F4708D-5E1E-4D83-B522-81ACE9D3A13E}.Release|Any CPU.Build.0 = Release|Any CPU
	EndGlobalSection
	GlobalSection(SolutionProperties) = preSolution
		HideSolutionNode = FALSE
	EndGlobalSection
	GlobalSection(ExtensibilityGlobals) = postSolution
		SolutionGuid = {03DCDE5D-EFBF-416D-9687-8AE2B75B9BAA}
	EndGlobalSection
EndGlobal
